
Microsoft Visual Studio Solution File, Format Version 12.00
# Visual Studio Version 16
VisualStudioVersion = 16.0.31515.178
MinimumVisualStudioVersion = 10.0.40219.1
Project("{FAE04EC0-301F-11D3-BF4B-00C04F79EFBC}") = "BertBoschTutorials.Android", "BertBoschTutorials\BertBoschTutorials.Android\BertBoschTutorials.Android.csproj", "{6BA1962D-37EC-4DEB-9E06-8ABE45FF616A}"
EndProject
Project("{FAE04EC0-301F-11D3-BF4B-00C04F79EFBC}") = "BertBoschTutorials", "BertBoschTutorials\BertBoschTutorials\BertBoschTutorials.csproj", "{0C0BECD2-4CC3-46DF-A12E-6A5131264F42}"
EndProject
Global
	GlobalSection(SolutionConfigurationPlatforms) = preSolution
		Debug|Any CPU = Debug|Any CPU
		Release|Any CPU = Release|Any CPU
	EndGlobalSection
	GlobalSection(ProjectConfigurationPlatforms) = postSolution
		{6BA1962D-37EC-4DEB-9E06-8ABE45FF616A}.Debug|Any CPU.ActiveCfg = Debug|Any CPU
		{6BA1962D-37EC-4DEB-9E06-8ABE45FF616A}.Debug|Any CPU.Build.0 = Debug|Any CPU
		{6BA1962D-37EC-4DEB-9E06-8ABE45FF616A}.Debug|Any CPU.Deploy.0 = Debug|Any CPU
		{6BA1962D-37EC-4DEB-9E06-8ABE45FF616A}.Release|Any CPU.ActiveCfg = Release|Any CPU
		{6BA1962D-37EC-4DEB-9E06-8ABE45FF616A}.Release|Any CPU.Build.0 = Release|Any CPU
		{6BA1962D-37EC-4DEB-9E06-8ABE45FF616A}.Release|Any CPU.Deploy.0 = Release|Any CPU
		{0C0BECD2-4CC3-46DF-A12E-6A5131264F42}.Debug|Any CPU.ActiveCfg = Debug|Any CPU
		{0C0BECD2-4CC3-46DF-A12E-6A5131264F42}.Debug|Any CPU.Build.0 = Debug|Any CPU
		{0C0BECD2-4CC3-46DF-A12E-6A5131264F42}.Debug|Any CPU.Deploy.0 = Debug|Any CPU
		{0C0BECD2-4CC3-46DF-A12E-6A5131264F42}.Release|Any CPU.ActiveCfg = Release|Any CPU
		{0C0BECD2-4CC3-46DF-A12E-6A5131264F42}.Release|Any CPU.Build.0 = Release|Any CPU
		{0C0BECD2-4CC3-46DF-A12E-6A5131264F42}.Release|Any CPU.Deploy.0 = Release|Any CPU
	EndGlobalSection
	GlobalSection(SolutionProperties) = preSolution
		HideSolutionNode = FALSE
	EndGlobalSection
	GlobalSection(ExtensibilityGlobals) = postSolution
		SolutionGuid = {40897AFE-C4C4-486E-9726-FFF7D87BF71A}
	EndGlobalSection
EndGlobal
