
Microsoft Visual Studio Solution File, Format Version 12.00
# Visual Studio Version 16
VisualStudioVersion = 16.0.31205.134
MinimumVisualStudioVersion = 10.0.40219.1
Project("{FAE04EC0-301F-11D3-BF4B-00C04F79EFBC}") = "App1.Android", "App1\App1.Android\App1.Android.csproj", "{A940BFAA-37C1-4754-86EC-440D0D95BCBC}"
EndProject
Project("{FAE04EC0-301F-11D3-BF4B-00C04F79EFBC}") = "App1.iOS", "App1\App1.iOS\App1.iOS.csproj", "{853C3DBF-D82C-46B0-A37E-393473DF1CAA}"
EndProject
Project("{FAE04EC0-301F-11D3-BF4B-00C04F79EFBC}") = "App1", "App1\App1\App1.csproj", "{FA067DD1-F7F0-41FB-A119-E0D978CEEAE4}"
EndProject
Global
	GlobalSection(SolutionConfigurationPlatforms) = preSolution
		Debug|Any CPU = Debug|Any CPU
		Debug|iPhone = Debug|iPhone
		Debug|iPhoneSimulator = Debug|iPhoneSimulator
		Release|Any CPU = Release|Any CPU
		Release|iPhone = Release|iPhone
		Release|iPhoneSimulator = Release|iPhoneSimulator
	EndGlobalSection
	GlobalSection(ProjectConfigurationPlatforms) = postSolution
		{A940BFAA-37C1-4754-86EC-440D0D95BCBC}.Debug|Any CPU.ActiveCfg = Debug|Any CPU
		{A940BFAA-37C1-4754-86EC-440D0D95BCBC}.Debug|Any CPU.Build.0 = Debug|Any CPU
		{A940BFAA-37C1-4754-86EC-440D0D95BCBC}.Debug|Any CPU.Deploy.0 = Debug|Any CPU
		{A940BFAA-37C1-4754-86EC-440D0D95BCBC}.Debug|iPhone.ActiveCfg = Debug|Any CPU
		{A940BFAA-37C1-4754-86EC-440D0D95BCBC}.Debug|iPhone.Build.0 = Debug|Any CPU
		{A940BFAA-37C1-4754-86EC-440D0D95BCBC}.Debug|iPhone.Deploy.0 = Debug|Any CPU
		{A940BFAA-37C1-4754-86EC-440D0D95BCBC}.Debug|iPhoneSimulator.ActiveCfg = Debug|Any CPU
		{A940BFAA-37C1-4754-86EC-440D0D95BCBC}.Debug|iPhoneSimulator.Build.0 = Debug|Any CPU
		{A940BFAA-37C1-4754-86EC-440D0D95BCBC}.Debug|iPhoneSimulator.Deploy.0 = Debug|Any CPU
		{A940BFAA-37C1-4754-86EC-440D0D95BCBC}.Release|Any CPU.ActiveCfg = Release|Any CPU
		{A940BFAA-37C1-4754-86EC-440D0D95BCBC}.Release|Any CPU.Build.0 = Release|Any CPU
		{A940BFAA-37C1-4754-86EC-440D0D95BCBC}.Release|Any CPU.Deploy.0 = Release|Any CPU
		{A940BFAA-37C1-4754-86EC-440D0D95BCBC}.Release|iPhone.ActiveCfg = Release|Any CPU
		{A940BFAA-37C1-4754-86EC-440D0D95BCBC}.Release|iPhone.Build.0 = Release|Any CPU
		{A940BFAA-37C1-4754-86EC-440D0D95BCBC}.Release|iPhone.Deploy.0 = Release|Any CPU
		{A940BFAA-37C1-4754-86EC-440D0D95BCBC}.Release|iPhoneSimulator.ActiveCfg = Release|Any CPU
		{A940BFAA-37C1-4754-86EC-440D0D95BCBC}.Release|iPhoneSimulator.Build.0 = Release|Any CPU
		{A940BFAA-37C1-4754-86EC-440D0D95BCBC}.Release|iPhoneSimulator.Deploy.0 = Release|Any CPU
		{853C3DBF-D82C-46B0-A37E-393473DF1CAA}.Debug|Any CPU.ActiveCfg = Debug|iPhone
		{853C3DBF-D82C-46B0-A37E-393473DF1CAA}.Debug|Any CPU.Build.0 = Debug|iPhone
		{853C3DBF-D82C-46B0-A37E-393473DF1CAA}.Debug|Any CPU.Deploy.0 = Debug|iPhone
		{853C3DBF-D82C-46B0-A37E-393473DF1CAA}.Debug|iPhone.ActiveCfg = Debug|iPhone
		{853C3DBF-D82C-46B0-A37E-393473DF1CAA}.Debug|iPhone.Build.0 = Debug|iPhone
		{853C3DBF-D82C-46B0-A37E-393473DF1CAA}.Debug|iPhone.Deploy.0 = Debug|iPhone
		{853C3DBF-D82C-46B0-A37E-393473DF1CAA}.Debug|iPhoneSimulator.ActiveCfg = Debug|iPhoneSimulator
		{853C3DBF-D82C-46B0-A37E-393473DF1CAA}.Debug|iPhoneSimulator.Build.0 = Debug|iPhoneSimulator
		{853C3DBF-D82C-46B0-A37E-393473DF1CAA}.Debug|iPhoneSimulator.Deploy.0 = Debug|iPhoneSimulator
		{853C3DBF-D82C-46B0-A37E-393473DF1CAA}.Release|Any CPU.ActiveCfg = Release|iPhoneSimulator
		{853C3DBF-D82C-46B0-A37E-393473DF1CAA}.Release|Any CPU.Build.0 = Release|iPhoneSimulator
		{853C3DBF-D82C-46B0-A37E-393473DF1CAA}.Release|Any CPU.Deploy.0 = Release|iPhoneSimulator
		{853C3DBF-D82C-46B0-A37E-393473DF1CAA}.Release|iPhone.ActiveCfg = Release|iPhone
		{853C3DBF-D82C-46B0-A37E-393473DF1CAA}.Release|iPhone.Build.0 = Release|iPhone
		{853C3DBF-D82C-46B0-A37E-393473DF1CAA}.Release|iPhone.Deploy.0 = Release|iPhone
		{853C3DBF-D82C-46B0-A37E-393473DF1CAA}.Release|iPhoneSimulator.ActiveCfg = Release|iPhoneSimulator
		{853C3DBF-D82C-46B0-A37E-393473DF1CAA}.Release|iPhoneSimulator.Build.0 = Release|iPhoneSimulator
		{853C3DBF-D82C-46B0-A37E-393473DF1CAA}.Release|iPhoneSimulator.Deploy.0 = Release|iPhoneSimulator
		{FA067DD1-F7F0-41FB-A119-E0D978CEEAE4}.Debug|Any CPU.ActiveCfg = Debug|Any CPU
		{FA067DD1-F7F0-41FB-A119-E0D978CEEAE4}.Debug|Any CPU.Build.0 = Debug|Any CPU
		{FA067DD1-F7F0-41FB-A119-E0D978CEEAE4}.Debug|Any CPU.Deploy.0 = Debug|Any CPU
		{FA067DD1-F7F0-41FB-A119-E0D978CEEAE4}.Debug|iPhone.ActiveCfg = Debug|Any CPU
		{FA067DD1-F7F0-41FB-A119-E0D978CEEAE4}.Debug|iPhone.Build.0 = Debug|Any CPU
		{FA067DD1-F7F0-41FB-A119-E0D978CEEAE4}.Debug|iPhone.Deploy.0 = Debug|Any CPU
		{FA067DD1-F7F0-41FB-A119-E0D978CEEAE4}.Debug|iPhoneSimulator.ActiveCfg = Debug|Any CPU
		{FA067DD1-F7F0-41FB-A119-E0D978CEEAE4}.Debug|iPhoneSimulator.Build.0 = Debug|Any CPU
		{FA067DD1-F7F0-41FB-A119-E0D978CEEAE4}.Debug|iPhoneSimulator.Deploy.0 = Debug|Any CPU
		{FA067DD1-F7F0-41FB-A119-E0D978CEEAE4}.Release|Any CPU.ActiveCfg = Release|Any CPU
		{FA067DD1-F7F0-41FB-A119-E0D978CEEAE4}.Release|Any CPU.Build.0 = Release|Any CPU
		{FA067DD1-F7F0-41FB-A119-E0D978CEEAE4}.Release|Any CPU.Deploy.0 = Release|Any CPU
		{FA067DD1-F7F0-41FB-A119-E0D978CEEAE4}.Release|iPhone.ActiveCfg = Release|Any CPU
		{FA067DD1-F7F0-41FB-A119-E0D978CEEAE4}.Release|iPhone.Build.0 = Release|Any CPU
		{FA067DD1-F7F0-41FB-A119-E0D978CEEAE4}.Release|iPhone.Deploy.0 = Release|Any CPU
		{FA067DD1-F7F0-41FB-A119-E0D978CEEAE4}.Release|iPhoneSimulator.ActiveCfg = Release|Any CPU
		{FA067DD1-F7F0-41FB-A119-E0D978CEEAE4}.Release|iPhoneSimulator.Build.0 = Release|Any CPU
		{FA067DD1-F7F0-41FB-A119-E0D978CEEAE4}.Release|iPhoneSimulator.Deploy.0 = Release|Any CPU
	EndGlobalSection
	GlobalSection(SolutionProperties) = preSolution
		HideSolutionNode = FALSE
	EndGlobalSection
	GlobalSection(ExtensibilityGlobals) = postSolution
		SolutionGuid = {5EA4B4DA-795B-4B93-8760-1793FC8CB089}
	EndGlobalSection
EndGlobal
